# This file is automatically @generated by Cargo.
version = 3

[[package]]
name = "fixture-crate"
version = "0.1.0"
dependencies = [
 "serde 1.0.210",
 "serde_json 1.0.132",
]

[[package]]
name = "serde"
version = "1.0.210"
source = "registry+https://github.com/rust-lang/crates.io-index"
checksum = "serde-checksum"

[[package]]
name = "serde_json"
version = "1.0.132"
source = "registry+https://github.com/rust-lang/crates.io-index"
checksum = "serde-json-checksum"
dependencies = [
 "itoa 1.0.11",
 "serde 1.0.210",
]

[[package]]
name = "itoa"
version = "1.0.11"
source = "registry+https://github.com/rust-lang/crates.io-index"
checksum = "itoa-1-checksum"

[[package]]
name = "itoa"
version = "0.4.8"
source = "registry+https://github.com/rust-lang/crates.io-index"
checksum = "itoa-0-checksum"
